// !$*UTF8*$!
{
	archiveVersion = 1;
	classes = {
	};
	objectVersion = 50;
	objects = {

/* Begin PBXBuildFile section */
		8D9DA50B25D6837500FEA272 /* SwiftUIGauge WatchKit App.app in Embed Watch Content */ = {isa = PBXBuildFile; fileRef = 8D9DA50A25D6837500FEA272 /* SwiftUIGauge WatchKit App.app */; settings = {ATTRIBUTES = (RemoveHeadersOnCopy, ); }; };
		8D9DA51025D6837600FEA272 /* Assets.xcassets in Resources */ = {isa = PBXBuildFile; fileRef = 8D9DA50F25D6837600FEA272 /* Assets.xcassets */; };
		8D9DA51725D6837600FEA272 /* SwiftUIGauge WatchKit Extension.appex in Embed App Extensions */ = {isa = PBXBuildFile; fileRef = 8D9DA51625D6837600FEA272 /* SwiftUIGauge WatchKit Extension.appex */; settings = {ATTRIBUTES = (RemoveHeadersOnCopy, ); }; };
		8D9DA51C25D6837600FEA272 /* SwiftUIGaugeApp.swift in Sources */ = {isa = PBXBuildFile; fileRef = 8D9DA51B25D6837600FEA272 /* SwiftUIGaugeApp.swift */; };
		8D9DA51E25D6837600FEA272 /* ContentView.swift in Sources */ = {isa = PBXBuildFile; fileRef = 8D9DA51D25D6837600FEA272 /* ContentView.swift */; };
		8D9DA52025D6837600FEA272 /* NotificationController.swift in Sources */ = {isa = PBXBuildFile; fileRef = 8D9DA51F25D6837600FEA272 /* NotificationController.swift */; };
		8D9DA52225D6837600FEA272 /* NotificationView.swift in Sources */ = {isa = PBXBuildFile; fileRef = 8D9DA52125D6837600FEA272 /* NotificationView.swift */; };
		8D9DA52425D6837600FEA272 /* ComplicationController.swift in Sources */ = {isa = PBXBuildFile; fileRef = 8D9DA52325D6837600FEA272 /* ComplicationController.swift */; };
		8D9DA52625D6837600FEA272 /* Assets.xcassets in Resources */ = {isa = PBXBuildFile; fileRef = 8D9DA52525D6837600FEA272 /* Assets.xcassets */; };
		8D9DA52925D6837600FEA272 /* Preview Assets.xcassets in Resources */ = {isa = PBXBuildFile; fileRef = 8D9DA52825D6837600FEA272 /* Preview Assets.xcassets */; };
/* End PBXBuildFile section */

/* Begin PBXContainerItemProxy section */
		8D9DA50C25D6837500FEA272 /* PBXContainerItemProxy */ = {
			isa = PBXContainerItemProxy;
			containerPortal = 8D9DA50025D6837500FEA272 /* Project object */;
			proxyType = 1;
			remoteGlobalIDString = 8D9DA50925D6837500FEA272;
			remoteInfo = "SwiftUIGauge WatchKit App";
		};
		8D9DA51825D6837600FEA272 /* PBXContainerItemProxy */ = {
			isa = PBXContainerItemProxy;
			containerPortal = 8D9DA50025D6837500FEA272 /* Project object */;
			proxyType = 1;
			remoteGlobalIDString = 8D9DA51525D6837600FEA272;
			remoteInfo = "SwiftUIGauge WatchKit Extension";
		};
/* End PBXContainerItemProxy section */

/* Begin PBXCopyFilesBuildPhase section */
		8D9DA53125D6837600FEA272 /* Embed App Extensions */ = {
			isa = PBXCopyFilesBuildPhase;
			buildActionMask = 2147483647;
			dstPath = "";
			dstSubfolderSpec = 13;
			files = (
				8D9DA51725D6837600FEA272 /* SwiftUIGauge WatchKit Extension.appex in Embed App Extensions */,
			);
			name = "Embed App Extensions";
			runOnlyForDeploymentPostprocessing = 0;
		};
		8D9DA53525D6837600FEA272 /* Embed Watch Content */ = {
			isa = PBXCopyFilesBuildPhase;
			buildActionMask = 2147483647;
			dstPath = "$(CONTENTS_FOLDER_PATH)/Watch";
			dstSubfolderSpec = 16;
			files = (
				8D9DA50B25D6837500FEA272 /* SwiftUIGauge WatchKit App.app in Embed Watch Content */,
			);
			name = "Embed Watch Content";
			runOnlyForDeploymentPostprocessing = 0;
		};
/* End PBXCopyFilesBuildPhase section */

/* Begin PBXFileReference section */
		8D9DA50625D6837500FEA272 /* SwiftUIGauge.app */ = {isa = PBXFileReference; explicitFileType = wrapper.application; includeInIndex = 0; path = SwiftUIGauge.app; sourceTree = BUILT_PRODUCTS_DIR; };
		8D9DA50A25D6837500FEA272 /* SwiftUIGauge WatchKit App.app */ = {isa = PBXFileReference; explicitFileType = wrapper.application; includeInIndex = 0; path = "SwiftUIGauge WatchKit App.app"; sourceTree = BUILT_PRODUCTS_DIR; };
		8D9DA50F25D6837600FEA272 /* Assets.xcassets */ = {isa = PBXFileReference; lastKnownFileType = folder.assetcatalog; path = Assets.xcassets; sourceTree = "<group>"; };
		8D9DA51125D6837600FEA272 /* Info.plist */ = {isa = PBXFileReference; lastKnownFileType = text.plist.xml; path = Info.plist; sourceTree = "<group>"; };
		8D9DA51625D6837600FEA272 /* SwiftUIGauge WatchKit Extension.appex */ = {isa = PBXFileReference; explicitFileType = "wrapper.app-extension"; includeInIndex = 0; path = "SwiftUIGauge WatchKit Extension.appex"; sourceTree = BUILT_PRODUCTS_DIR; };
		8D9DA51B25D6837600FEA272 /* SwiftUIGaugeApp.swift */ = {isa = PBXFileReference; lastKnownFileType = sourcecode.swift; path = SwiftUIGaugeApp.swift; sourceTree = "<group>"; };
		8D9DA51D25D6837600FEA272 /* ContentView.swift */ = {isa = PBXFileReference; lastKnownFileType = sourcecode.swift; path = ContentView.swift; sourceTree = "<group>"; };
		8D9DA51F25D6837600FEA272 /* NotificationController.swift */ = {isa = PBXFileReference; lastKnownFileType = sourcecode.swift; path = NotificationController.swift; sourceTree = "<group>"; };
		8D9DA52125D6837600FEA272 /* NotificationView.swift */ = {isa = PBXFileReference; lastKnownFileType = sourcecode.swift; path = NotificationView.swift; sourceTree = "<group>"; };
		8D9DA52325D6837600FEA272 /* ComplicationController.swift */ = {isa = PBXFileReference; lastKnownFileType = sourcecode.swift; path = ComplicationController.swift; sourceTree = "<group>"; };
		8D9DA52525D6837600FEA272 /* Assets.xcassets */ = {isa = PBXFileReference; lastKnownFileType = folder.assetcatalog; path = Assets.xcassets; sourceTree = "<group>"; };
		8D9DA52825D6837600FEA272 /* Preview Assets.xcassets */ = {isa = PBXFileReference; lastKnownFileType = folder.assetcatalog; path = "Preview Assets.xcassets"; sourceTree = "<group>"; };
		8D9DA52A25D6837600FEA272 /* Info.plist */ = {isa = PBXFileReference; lastKnownFileType = text.plist.xml; path = Info.plist; sourceTree = "<group>"; };
		8D9DA52B25D6837600FEA272 /* PushNotificationPayload.apns */ = {isa = PBXFileReference; lastKnownFileType = text; path = PushNotificationPayload.apns; sourceTree = "<group>"; };
/* End PBXFileReference section */

/* Begin PBXFrameworksBuildPhase section */
		8D9DA51325D6837600FEA272 /* Frameworks */ = {
			isa = PBXFrameworksBuildPhase;
			buildActionMask = 2147483647;
			files = (
			);
			runOnlyForDeploymentPostprocessing = 0;
		};
/* End PBXFrameworksBuildPhase section */

/* Begin PBXGroup section */
		8D9DA4FF25D6837500FEA272 = {
			isa = PBXGroup;
			children = (
				8D9DA50E25D6837500FEA272 /* SwiftUIGauge WatchKit App */,
				8D9DA51A25D6837600FEA272 /* SwiftUIGauge WatchKit Extension */,
				8D9DA50725D6837500FEA272 /* Products */,
			);
			sourceTree = "<group>";
		};
		8D9DA50725D6837500FEA272 /* Products */ = {
			isa = PBXGroup;
			children = (
				8D9DA50625D6837500FEA272 /* SwiftUIGauge.app */,
				8D9DA50A25D6837500FEA272 /* SwiftUIGauge WatchKit App.app */,
				8D9DA51625D6837600FEA272 /* SwiftUIGauge WatchKit Extension.appex */,
			);
			name = Products;
			sourceTree = "<group>";
		};
		8D9DA50E25D6837500FEA272 /* SwiftUIGauge WatchKit App */ = {
			isa = PBXGroup;
			children = (
				8D9DA50F25D6837600FEA272 /* Assets.xcassets */,
				8D9DA51125D6837600FEA272 /* Info.plist */,
			);
			path = "SwiftUIGauge WatchKit App";
			sourceTree = "<group>";
		};
		8D9DA51A25D6837600FEA272 /* SwiftUIGauge WatchKit Extension */ = {
			isa = PBXGroup;
			children = (
				8D9DA51B25D6837600FEA272 /* SwiftUIGaugeApp.swift */,
				8D9DA51D25D6837600FEA272 /* ContentView.swift */,
				8D9DA51F25D6837600FEA272 /* NotificationController.swift */,
				8D9DA52125D6837600FEA272 /* NotificationView.swift */,
				8D9DA52325D6837600FEA272 /* ComplicationController.swift */,
				8D9DA52525D6837600FEA272 /* Assets.xcassets */,
				8D9DA52A25D6837600FEA272 /* Info.plist */,
				8D9DA52B25D6837600FEA272 /* PushNotificationPayload.apns */,
				8D9DA52725D6837600FEA272 /* Preview Content */,
			);
			path = "SwiftUIGauge WatchKit Extension";
			sourceTree = "<group>";
		};
		8D9DA52725D6837600FEA272 /* Preview Content */ = {
			isa = PBXGroup;
			children = (
				8D9DA52825D6837600FEA272 /* Preview Assets.xcassets */,
			);
			path = "Preview Content";
			sourceTree = "<group>";
		};
/* End PBXGroup section */

/* Begin PBXNativeTarget section */
		8D9DA50525D6837500FEA272 /* SwiftUIGauge */ = {
			isa = PBXNativeTarget;
			buildConfigurationList = 8D9DA53625D6837600FEA272 /* Build configuration list for PBXNativeTarget "SwiftUIGauge" */;
			buildPhases = (
				8D9DA50425D6837500FEA272 /* Resources */,
				8D9DA53525D6837600FEA272 /* Embed Watch Content */,
			);
			buildRules = (
			);
			dependencies = (
				8D9DA50D25D6837500FEA272 /* PBXTargetDependency */,
			);
			name = SwiftUIGauge;
			productName = SwiftUIGauge;
			productReference = 8D9DA50625D6837500FEA272 /* SwiftUIGauge.app */;
			productType = "com.apple.product-type.application.watchapp2-container";
		};
		8D9DA50925D6837500FEA272 /* SwiftUIGauge WatchKit App */ = {
			isa = PBXNativeTarget;
			buildConfigurationList = 8D9DA53225D6837600FEA272 /* Build configuration list for PBXNativeTarget "SwiftUIGauge WatchKit App" */;
			buildPhases = (
				8D9DA50825D6837500FEA272 /* Resources */,
				8D9DA53125D6837600FEA272 /* Embed App Extensions */,
			);
			buildRules = (
			);
			dependencies = (
				8D9DA51925D6837600FEA272 /* PBXTargetDependency */,
			);
			name = "SwiftUIGauge WatchKit App";
			productName = "SwiftUIGauge WatchKit App";
			productReference = 8D9DA50A25D6837500FEA272 /* SwiftUIGauge WatchKit App.app */;
			productType = "com.apple.product-type.application.watchapp2";
		};
		8D9DA51525D6837600FEA272 /* SwiftUIGauge WatchKit Extension */ = {
			isa = PBXNativeTarget;
			buildConfigurationList = 8D9DA52E25D6837600FEA272 /* Build configuration list for PBXNativeTarget "SwiftUIGauge WatchKit Extension" */;
			buildPhases = (
				8D9DA51225D6837600FEA272 /* Sources */,
				8D9DA51325D6837600FEA272 /* Frameworks */,
				8D9DA51425D6837600FEA272 /* Resources */,
			);
			buildRules = (
			);
			dependencies = (
			);
			name = "SwiftUIGauge WatchKit Extension";
			productName = "SwiftUIGauge WatchKit Extension";
			productReference = 8D9DA51625D6837600FEA272 /* SwiftUIGauge WatchKit Extension.appex */;
			productType = "com.apple.product-type.watchkit2-extension";
		};
/* End PBXNativeTarget section */

/* Begin PBXProject section */
		8D9DA50025D6837500FEA272 /* Project object */ = {
			isa = PBXProject;
			attributes = {
				LastSwiftUpdateCheck = 1240;
				LastUpgradeCheck = 1240;
				TargetAttributes = {
					8D9DA50525D6837500FEA272 = {
						CreatedOnToolsVersion = 12.4;
					};
					8D9DA50925D6837500FEA272 = {
						CreatedOnToolsVersion = 12.4;
					};
					8D9DA51525D6837600FEA272 = {
						CreatedOnToolsVersion = 12.4;
					};
				};
			};
			buildConfigurationList = 8D9DA50325D6837500FEA272 /* Build configuration list for PBXProject "SwiftUIGauge" */;
			compatibilityVersion = "Xcode 9.3";
			developmentRegion = en;
			hasScannedForEncodings = 0;
			knownRegions = (
				en,
				Base,
			);
			mainGroup = 8D9DA4FF25D6837500FEA272;
			productRefGroup = 8D9DA50725D6837500FEA272 /* Products */;
			projectDirPath = "";
			projectRoot = "";
			targets = (
				8D9DA50525D6837500FEA272 /* SwiftUIGauge */,
				8D9DA50925D6837500FEA272 /* SwiftUIGauge WatchKit App */,
				8D9DA51525D6837600FEA272 /* SwiftUIGauge WatchKit Extension */,
			);
		};
/* End PBXProject section */

/* Begin PBXResourcesBuildPhase section */
		8D9DA50425D6837500FEA272 /* Resources */ = {
			isa = PBXResourcesBuildPhase;
			buildActionMask = 2147483647;
			files = (
			);
			runOnlyForDeploymentPostprocessing = 0;
		};
		8D9DA50825D6837500FEA272 /* Resources */ = {
			isa = PBXResourcesBuildPhase;
			buildActionMask = 2147483647;
			files = (
				8D9DA51025D6837600FEA272 /* Assets.xcassets in Resources */,
			);
			runOnlyForDeploymentPostprocessing = 0;
		};
		8D9DA51425D6837600FEA272 /* Resources */ = {
			isa = PBXResourcesBuildPhase;
			buildActionMask = 2147483647;
			files = (
				8D9DA52925D6837600FEA272 /* Preview Assets.xcassets in Resources */,
				8D9DA52625D6837600FEA272 /* Assets.xcassets in Resources */,
			);
			runOnlyForDeploymentPostprocessing = 0;
		};
/* End PBXResourcesBuildPhase section */

/* Begin PBXSourcesBuildPhase section */
		8D9DA51225D6837600FEA272 /* Sources */ = {
			isa = PBXSourcesBuildPhase;
			buildActionMask = 2147483647;
			files = (
				8D9DA52025D6837600FEA272 /* NotificationController.swift in Sources */,
				8D9DA51E25D6837600FEA272 /* ContentView.swift in Sources */,
				8D9DA52425D6837600FEA272 /* ComplicationController.swift in Sources */,
				8D9DA51C25D6837600FEA272 /* SwiftUIGaugeApp.swift in Sources */,
				8D9DA52225D6837600FEA272 /* NotificationView.swift in Sources */,
			);
			runOnlyForDeploymentPostprocessing = 0;
		};
/* End PBXSourcesBuildPhase section */

/* Begin PBXTargetDependency section */
		8D9DA50D25D6837500FEA272 /* PBXTargetDependency */ = {
			isa = PBXTargetDependency;
			target = 8D9DA50925D6837500FEA272 /* SwiftUIGauge WatchKit App */;
			targetProxy = 8D9DA50C25D6837500FEA272 /* PBXContainerItemProxy */;
		};
		8D9DA51925D6837600FEA272 /* PBXTargetDependency */ = {
			isa = PBXTargetDependency;
			target = 8D9DA51525D6837600FEA272 /* SwiftUIGauge WatchKit Extension */;
			targetProxy = 8D9DA51825D6837600FEA272 /* PBXContainerItemProxy */;
		};
/* End PBXTargetDependency section */

/* Begin XCBuildConfiguration section */
		8D9DA52C25D6837600FEA272 /* Debug */ = {
			isa = XCBuildConfiguration;
			buildSettings = {
				ALWAYS_SEARCH_USER_PATHS = NO;
				CLANG_ANALYZER_NONNULL = YES;
				CLANG_ANALYZER_NUMBER_OBJECT_CONVERSION = YES_AGGRESSIVE;
				CLANG_CXX_LANGUAGE_STANDARD = "gnu++14";
				CLANG_CXX_LIBRARY = "libc++";
				CLANG_ENABLE_MODULES = YES;
				CLANG_ENABLE_OBJC_ARC = YES;
				CLANG_ENABLE_OBJC_WEAK = YES;
				CLANG_WARN_BLOCK_CAPTURE_AUTORELEASING = YES;
				CLANG_WARN_BOOL_CONVERSION = YES;
				CLANG_WARN_COMMA = YES;
				CLANG_WARN_CONSTANT_CONVERSION = YES;
				CLANG_WARN_DEPRECATED_OBJC_IMPLEMENTATIONS = YES;
				CLANG_WARN_DIRECT_OBJC_ISA_USAGE = YES_ERROR;
				CLANG_WARN_DOCUMENTATION_COMMENTS = YES;
				CLANG_WARN_EMPTY_BODY = YES;
				CLANG_WARN_ENUM_CONVERSION = YES;
				CLANG_WARN_INFINITE_RECURSION = YES;
				CLANG_WARN_INT_CONVERSION = YES;
				CLANG_WARN_NON_LITERAL_NULL_CONVERSION = YES;
				CLANG_WARN_OBJC_IMPLICIT_RETAIN_SELF = YES;
				CLANG_WARN_OBJC_LITERAL_CONVERSION = YES;
				CLANG_WARN_OBJC_ROOT_CLASS = YES_ERROR;
				CLANG_WARN_QUOTED_INCLUDE_IN_FRAMEWORK_HEADER = YES;
				CLANG_WARN_RANGE_LOOP_ANALYSIS = YES;
				CLANG_WARN_STRICT_PROTOTYPES = YES;
				CLANG_WARN_SUSPICIOUS_MOVE = YES;
				CLANG_WARN_UNGUARDED_AVAILABILITY = YES_AGGRESSIVE;
				CLANG_WARN_UNREACHABLE_CODE = YES;
				CLANG_WARN__DUPLICATE_METHOD_MATCH = YES;
				COPY_PHASE_STRIP = NO;
				DEBUG_INFORMATION_FORMAT = dwarf;
				ENABLE_STRICT_OBJC_MSGSEND = YES;
				ENABLE_TESTABILITY = YES;
				GCC_C_LANGUAGE_STANDARD = gnu11;
				GCC_DYNAMIC_NO_PIC = NO;
				GCC_NO_COMMON_BLOCKS = YES;
				GCC_OPTIMIZATION_LEVEL = 0;
				GCC_PREPROCESSOR_DEFINITIONS = (
					"DEBUG=1",
					"$(inherited)",
				);
				GCC_WARN_64_TO_32_BIT_CONVERSION = YES;
				GCC_WARN_ABOUT_RETURN_TYPE = YES_ERROR;
				GCC_WARN_UNDECLARED_SELECTOR = YES;
				GCC_WARN_UNINITIALIZED_AUTOS = YES_AGGRESSIVE;
				GCC_WARN_UNUSED_FUNCTION = YES;
				GCC_WARN_UNUSED_VARIABLE = YES;
				MTL_ENABLE_DEBUG_INFO = INCLUDE_SOURCE;
				MTL_FAST_MATH = YES;
				ONLY_ACTIVE_ARCH = YES;
				SDKROOT = iphoneos;
				SWIFT_ACTIVE_COMPILATION_CONDITIONS = DEBUG;
				SWIFT_OPTIMIZATION_LEVEL = "-Onone";
			};
			name = Debug;
		};
		8D9DA52D25D6837600FEA272 /* Release */ = {
			isa = XCBuildConfiguration;
			buildSettings = {
				ALWAYS_SEARCH_USER_PATHS = NO;
				CLANG_ANALYZER_NONNULL = YES;
				CLANG_ANALYZER_NUMBER_OBJECT_CONVERSION = YES_AGGRESSIVE;
				CLANG_CXX_LANGUAGE_STANDARD = "gnu++14";
				CLANG_CXX_LIBRARY = "libc++";
				CLANG_ENABLE_MODULES = YES;
				CLANG_ENABLE_OBJC_ARC = YES;
				CLANG_ENABLE_OBJC_WEAK = YES;
				CLANG_WARN_BLOCK_CAPTURE_AUTORELEASING = YES;
				CLANG_WARN_BOOL_CONVERSION = YES;
				CLANG_WARN_COMMA = YES;
				CLANG_WARN_CONSTANT_CONVERSION = YES;
				CLANG_WARN_DEPRECATED_OBJC_IMPLEMENTATIONS = YES;
				CLANG_WARN_DIRECT_OBJC_ISA_USAGE = YES_ERROR;
				CLANG_WARN_DOCUMENTATION_COMMENTS = YES;
				CLANG_WARN_EMPTY_BODY = YES;
				CLANG_WARN_ENUM_CONVERSION = YES;
				CLANG_WARN_INFINITE_RECURSION = YES;
				CLANG_WARN_INT_CONVERSION = YES;
				CLANG_WARN_NON_LITERAL_NULL_CONVERSION = YES;
				CLANG_WARN_OBJC_IMPLICIT_RETAIN_SELF = YES;
				CLANG_WARN_OBJC_LITERAL_CONVERSION = YES;
				CLANG_WARN_OBJC_ROOT_CLASS = YES_ERROR;
				CLANG_WARN_QUOTED_INCLUDE_IN_FRAMEWORK_HEADER = YES;
				CLANG_WARN_RANGE_LOOP_ANALYSIS = YES;
				CLANG_WARN_STRICT_PROTOTYPES = YES;
				CLANG_WARN_SUSPICIOUS_MOVE = YES;
				CLANG_WARN_UNGUARDED_AVAILABILITY = YES_AGGRESSIVE;
				CLANG_WARN_UNREACHABLE_CODE = YES;
				CLANG_WARN__DUPLICATE_METHOD_MATCH = YES;
				COPY_PHASE_STRIP = NO;
				DEBUG_INFORMATION_FORMAT = "dwarf-with-dsym";
				ENABLE_NS_ASSERTIONS = NO;
				ENABLE_STRICT_OBJC_MSGSEND = YES;
				GCC_C_LANGUAGE_STANDARD = gnu11;
				GCC_NO_COMMON_BLOCKS = YES;
				GCC_WARN_64_TO_32_BIT_CONVERSION = YES;
				GCC_WARN_ABOUT_RETURN_TYPE = YES_ERROR;
				GCC_WARN_UNDECLARED_SELECTOR = YES;
				GCC_WARN_UNINITIALIZED_AUTOS = YES_AGGRESSIVE;
				GCC_WARN_UNUSED_FUNCTION = YES;
				GCC_WARN_UNUSED_VARIABLE = YES;
				MTL_ENABLE_DEBUG_INFO = NO;
				MTL_FAST_MATH = YES;
				SDKROOT = iphoneos;
				SWIFT_COMPILATION_MODE = wholemodule;
				SWIFT_OPTIMIZATION_LEVEL = "-O";
				VALIDATE_PRODUCT = YES;
			};
			name = Release;
		};
		8D9DA52F25D6837600FEA272 /* Debug */ = {
			isa = XCBuildConfiguration;
			buildSettings = {
				ASSETCATALOG_COMPILER_COMPLICATION_NAME = Complication;
				CODE_SIGN_STYLE = Automatic;
				DEVELOPMENT_ASSET_PATHS = "\"SwiftUIGauge WatchKit Extension/Preview Content\"";
				DEVELOPMENT_TEAM = RMFRRSQ9CJ;
				ENABLE_PREVIEWS = YES;
				INFOPLIST_FILE = "SwiftUIGauge WatchKit Extension/Info.plist";
				LD_RUNPATH_SEARCH_PATHS = (
					"$(inherited)",
					"@executable_path/Frameworks",
					"@executable_path/../../Frameworks",
				);
				PRODUCT_BUNDLE_IDENTIFIER = yuhsuan.SwiftUIGauge.watchkitapp.watchkitextension;
				PRODUCT_NAME = "${TARGET_NAME}";
				SDKROOT = watchos;
				SKIP_INSTALL = YES;
				SWIFT_VERSION = 5.0;
				TARGETED_DEVICE_FAMILY = 4;
				WATCHOS_DEPLOYMENT_TARGET = 7.2;
			};
			name = Debug;
		};
		8D9DA53025D6837600FEA272 /* Release */ = {
			isa = XCBuildConfiguration;
			buildSettings = {
				ASSETCATALOG_COMPILER_COMPLICATION_NAME = Complication;
				CODE_SIGN_STYLE = Automatic;
				DEVELOPMENT_ASSET_PATHS = "\"SwiftUIGauge WatchKit Extension/Preview Content\"";
				DEVELOPMENT_TEAM = RMFRRSQ9CJ;
				ENABLE_PREVIEWS = YES;
				INFOPLIST_FILE = "SwiftUIGauge WatchKit Extension/Info.plist";
				LD_RUNPATH_SEARCH_PATHS = (
					"$(inherited)",
					"@executable_path/Frameworks",
					"@executable_path/../../Frameworks",
				);
				PRODUCT_BUNDLE_IDENTIFIER = yuhsuan.SwiftUIGauge.watchkitapp.watchkitextension;
				PRODUCT_NAME = "${TARGET_NAME}";
				SDKROOT = watchos;
				SKIP_INSTALL = YES;
				SWIFT_VERSION = 5.0;
				TARGETED_DEVICE_FAMILY = 4;
				WATCHOS_DEPLOYMENT_TARGET = 7.2;
			};
			name = Release;
		};
		8D9DA53325D6837600FEA272 /* Debug */ = {
			isa = XCBuildConfiguration;
			buildSettings = {
				ALWAYS_EMBED_SWIFT_STANDARD_LIBRARIES = YES;
				ASSETCATALOG_COMPILER_APPICON_NAME = AppIcon;
				ASSETCATALOG_COMPILER_GLOBAL_ACCENT_COLOR_NAME = AccentColor;
				CODE_SIGN_STYLE = Automatic;
				DEVELOPMENT_TEAM = RMFRRSQ9CJ;
				IBSC_MODULE = SwiftUIGauge_WatchKit_Extension;
				INFOPLIST_FILE = "SwiftUIGauge WatchKit App/Info.plist";
				PRODUCT_BUNDLE_IDENTIFIER = yuhsuan.SwiftUIGauge.watchkitapp;
				PRODUCT_NAME = "$(TARGET_NAME)";
				SDKROOT = watchos;
				SKIP_INSTALL = YES;
				SWIFT_VERSION = 5.0;
				TARGETED_DEVICE_FAMILY = 4;
				WATCHOS_DEPLOYMENT_TARGET = 7.2;
			};
			name = Debug;
		};
		8D9DA53425D6837600FEA272 /* Release */ = {
			isa = XCBuildConfiguration;
			buildSettings = {
				ALWAYS_EMBED_SWIFT_STANDARD_LIBRARIES = YES;
				ASSETCATALOG_COMPILER_APPICON_NAME = AppIcon;
				ASSETCATALOG_COMPILER_GLOBAL_ACCENT_COLOR_NAME = AccentColor;
				CODE_SIGN_STYLE = Automatic;
				DEVELOPMENT_TEAM = RMFRRSQ9CJ;
				IBSC_MODULE = SwiftUIGauge_WatchKit_Extension;
				INFOPLIST_FILE = "SwiftUIGauge WatchKit App/Info.plist";
				PRODUCT_BUNDLE_IDENTIFIER = yuhsuan.SwiftUIGauge.watchkitapp;
				PRODUCT_NAME = "$(TARGET_NAME)";
				SDKROOT = watchos;
				SKIP_INSTALL = YES;
				SWIFT_VERSION = 5.0;
				TARGETED_DEVICE_FAMILY = 4;
				WATCHOS_DEPLOYMENT_TARGET = 7.2;
			};
			name = Release;
		};
		8D9DA53725D6837600FEA272 /* Debug */ = {
			isa = XCBuildConfiguration;
			buildSettings = {
				CODE_SIGN_STYLE = Automatic;
				CURRENT_PROJECT_VERSION = 1;
				DEVELOPMENT_TEAM = RMFRRSQ9CJ;
				MARKETING_VERSION = 1.0;
				PRODUCT_BUNDLE_IDENTIFIER = yuhsuan.SwiftUIGauge;
				PRODUCT_NAME = "$(TARGET_NAME)";
				SWIFT_VERSION = 5.0;
			};
			name = Debug;
		};
		8D9DA53825D6837600FEA272 /* Release */ = {
			isa = XCBuildConfiguration;
			buildSettings = {
				CODE_SIGN_STYLE = Automatic;
				CURRENT_PROJECT_VERSION = 1;
				DEVELOPMENT_TEAM = RMFRRSQ9CJ;
				MARKETING_VERSION = 1.0;
				PRODUCT_BUNDLE_IDENTIFIER = yuhsuan.SwiftUIGauge;
				PRODUCT_NAME = "$(TARGET_NAME)";
				SWIFT_VERSION = 5.0;
			};
			name = Release;
		};
/* End XCBuildConfiguration section */

/* Begin XCConfigurationList section */
		8D9DA50325D6837500FEA272 /* Build configuration list for PBXProject "SwiftUIGauge" */ = {
			isa = XCConfigurationList;
			buildConfigurations = (
				8D9DA52C25D6837600FEA272 /* Debug */,
				8D9DA52D25D6837600FEA272 /* Release */,
			);
			defaultConfigurationIsVisible = 0;
			defaultConfigurationName = Release;
		};
		8D9DA52E25D6837600FEA272 /* Build configuration list for PBXNativeTarget "SwiftUIGauge WatchKit Extension" */ = {
			isa = XCConfigurationList;
			buildConfigurations = (
				8D9DA52F25D6837600FEA272 /* Debug */,
				8D9DA53025D6837600FEA272 /* Release */,
			);
			defaultConfigurationIsVisible = 0;
			defaultConfigurationName = Release;
		};
		8D9DA53225D6837600FEA272 /* Build configuration list for PBXNativeTarget "SwiftUIGauge WatchKit App" */ = {
			isa = XCConfigurationList;
			buildConfigurations = (
				8D9DA53325D6837600FEA272 /* Debug */,
				8D9DA53425D6837600FEA272 /* Release */,
			);
			defaultConfigurationIsVisible = 0;
			defaultConfigurationName = Release;
		};
		8D9DA53625D6837600FEA272 /* Build configuration list for PBXNativeTarget "SwiftUIGauge" */ = {
			isa = XCConfigurationList;
			buildConfigurations = (
				8D9DA53725D6837600FEA272 /* Debug */,
				8D9DA53825D6837600FEA272 /* Release */,
			);
			defaultConfigurationIsVisible = 0;
			defaultConfigurationName = Release;
		};
/* End XCConfigurationList section */
	};
	rootObject = 8D9DA50025D6837500FEA272 /* Project object */;
}
